// !$*UTF8*$!
{
	archiveVersion = 1;
	classes = {
	};
	objectVersion = 46;
	objects = {

/* Begin PBXBuildFile section */
		43B0097F1A79684200C86444 /* main.m in Sources */ = {isa = PBXBuildFile; fileRef = 43B0097E1A79684200C86444 /* main.m */; };
		43B009821A79684200C86444 /* AppDelegate.m in Sources */ = {isa = PBXBuildFile; fileRef = 43B009811A79684200C86444 /* AppDelegate.m */; };
		43B009851A79684200C86444 /* ViewController.m in Sources */ = {isa = PBXBuildFile; fileRef = 43B009841A79684200C86444 /* ViewController.m */; };
		43B009881A79684200C86444 /* Main.storyboard in Resources */ = {isa = PBXBuildFile; fileRef = 43B009861A79684200C86444 /* Main.storyboard */; };
		43B0098A1A79684200C86444 /* Images.xcassets in Resources */ = {isa = PBXBuildFile; fileRef = 43B009891A79684200C86444 /* Images.xcassets */; };
		43B0098D1A79684200C86444 /* LaunchScreen.xib in Resources */ = {isa = PBXBuildFile; fileRef = 43B0098B1A79684200C86444 /* LaunchScreen.xib */; };
		43B009991A79684200C86444 /* KVOExampleTests.m in Sources */ = {isa = PBXBuildFile; fileRef = 43B009981A79684200C86444 /* KVOExampleTests.m */; };
/* End PBXBuildFile section */

/* Begin PBXContainerItemProxy section */
		43B009931A79684200C86444 /* PBXContainerItemProxy */ = {
			isa = PBXContainerItemProxy;
			containerPortal = 43B009711A79684100C86444 /* Project object */;
			proxyType = 1;
			remoteGlobalIDString = 43B009781A79684200C86444;
			remoteInfo = KVOExample;
		};
/* End PBXContainerItemProxy section */

/* Begin PBXFileReference section */
		43B009791A79684200C86444 /* KVOExample.app */ = {isa = PBXFileReference; explicitFileType = wrapper.application; includeInIndex = 0; path = KVOExample.app; sourceTree = BUILT_PRODUCTS_DIR; };
		43B0097D1A79684200C86444 /* Info.plist */ = {isa = PBXFileReference; lastKnownFileType = text.plist.xml; path = Info.plist; sourceTree = "<group>"; };
		43B0097E1A79684200C86444 /* main.m */ = {isa = PBXFileReference; lastKnownFileType = sourcecode.c.objc; path = main.m; sourceTree = "<group>"; };
		43B009801A79684200C86444 /* AppDelegate.h */ = {isa = PBXFileReference; lastKnownFileType = sourcecode.c.h; path = AppDelegate.h; sourceTree = "<group>"; };
		43B009811A79684200C86444 /* AppDelegate.m */ = {isa = PBXFileReference; lastKnownFileType = sourcecode.c.objc; path = AppDelegate.m; sourceTree = "<group>"; };
		43B009831A79684200C86444 /* ViewController.h */ = {isa = PBXFileReference; lastKnownFileType = sourcecode.c.h; path = ViewController.h; sourceTree = "<group>"; };
		43B009841A79684200C86444 /* ViewController.m */ = {isa = PBXFileReference; lastKnownFileType = sourcecode.c.objc; path = ViewController.m; sourceTree = "<group>"; };
		43B009871A79684200C86444 /* Base */ = {isa = PBXFileReference; lastKnownFileType = file.storyboard; name = Base; path = Base.lproj/Main.storyboard; sourceTree = "<group>"; };
		43B009891A79684200C86444 /* Images.xcassets */ = {isa = PBXFileReference; lastKnownFileType = folder.assetcatalog; path = Images.xcassets; sourceTree = "<group>"; };
		43B0098C1A79684200C86444 /* Base */ = {isa = PBXFileReference; lastKnownFileType = file.xib; name = Base; path = Base.lproj/LaunchScreen.xib; sourceTree = "<group>"; };
		43B009921A79684200C86444 /* KVOExampleTests.xctest */ = {isa = PBXFileReference; explicitFileType = wrapper.cfbundle; includeInIndex = 0; path = KVOExampleTests.xctest; sourceTree = BUILT_PRODUCTS_DIR; };
		43B009971A79684200C86444 /* Info.plist */ = {isa = PBXFileReference; lastKnownFileType = text.plist.xml; path = Info.plist; sourceTree = "<group>"; };
		43B009981A79684200C86444 /* KVOExampleTests.m */ = {isa = PBXFileReference; lastKnownFileType = sourcecode.c.objc; path = KVOExampleTests.m; sourceTree = "<group>"; };
/* End PBXFileReference section */

/* Begin PBXFrameworksBuildPhase section */
		43B009761A79684200C86444 /* Frameworks */ = {
			isa = PBXFrameworksBuildPhase;
			buildActionMask = 2147483647;
			files = (
			);
			runOnlyForDeploymentPostprocessing = 0;
		};
		43B0098F1A79684200C86444 /* Frameworks */ = {
			isa = PBXFrameworksBuildPhase;
			buildActionMask = 2147483647;
			files = (
			);
			runOnlyForDeploymentPostprocessing = 0;
		};
/* End PBXFrameworksBuildPhase section */

/* Begin PBXGroup section */
		43B009701A79684100C86444 = {
			isa = PBXGroup;
			children = (
				43B0097B1A79684200C86444 /* KVOExample */,
				43B009951A79684200C86444 /* KVOExampleTests */,
				43B0097A1A79684200C86444 /* Products */,
			);
			sourceTree = "<group>";
		};
		43B0097A1A79684200C86444 /* Products */ = {
			isa = PBXGroup;
			children = (
				43B009791A79684200C86444 /* KVOExample.app */,
				43B009921A79684200C86444 /* KVOExampleTests.xctest */,
			);
			name = Products;
			sourceTree = "<group>";
		};
		43B0097B1A79684200C86444 /* KVOExample */ = {
			isa = PBXGroup;
			children = (
				43B009801A79684200C86444 /* AppDelegate.h */,
				43B009811A79684200C86444 /* AppDelegate.m */,
				43B009831A79684200C86444 /* ViewController.h */,
				43B009841A79684200C86444 /* ViewController.m */,
				43B009861A79684200C86444 /* Main.storyboard */,
				43B009891A79684200C86444 /* Images.xcassets */,
				43B0098B1A79684200C86444 /* LaunchScreen.xib */,
				43B0097C1A79684200C86444 /* Supporting Files */,
			);
			path = KVOExample;
			sourceTree = "<group>";
		};
		43B0097C1A79684200C86444 /* Supporting Files */ = {
			isa = PBXGroup;
			children = (
				43B0097D1A79684200C86444 /* Info.plist */,
				43B0097E1A79684200C86444 /* main.m */,
			);
			name = "Supporting Files";
			sourceTree = "<group>";
		};
		43B009951A79684200C86444 /* KVOExampleTests */ = {
			isa = PBXGroup;
			children = (
				43B009981A79684200C86444 /* KVOExampleTests.m */,
				43B009961A79684200C86444 /* Supporting Files */,
			);
			path = KVOExampleTests;
			sourceTree = "<group>";
		};
		43B009961A79684200C86444 /* Supporting Files */ = {
			isa = PBXGroup;
			children = (
				43B009971A79684200C86444 /* Info.plist */,
			);
			name = "Supporting Files";
			sourceTree = "<group>";
		};
/* End PBXGroup section */

/* Begin PBXNativeTarget section */
		43B009781A79684200C86444 /* KVOExample */ = {
			isa = PBXNativeTarget;
			buildConfigurationList = 43B0099C1A79684200C86444 /* Build configuration list for PBXNativeTarget "KVOExample" */;
			buildPhases = (
				43B009751A79684200C86444 /* Sources */,
				43B009761A79684200C86444 /* Frameworks */,
				43B009771A79684200C86444 /* Resources */,
			);
			buildRules = (
			);
			dependencies = (
			);
			name = KVOExample;
			productName = KVOExample;
			productReference = 43B009791A79684200C86444 /* KVOExample.app */;
			productType = "com.apple.product-type.application";
		};
		43B009911A79684200C86444 /* KVOExampleTests */ = {
			isa = PBXNativeTarget;
			buildConfigurationList = 43B0099F1A79684200C86444 /* Build configuration list for PBXNativeTarget "KVOExampleTests" */;
			buildPhases = (
				43B0098E1A79684200C86444 /* Sources */,
				43B0098F1A79684200C86444 /* Frameworks */,
				43B009901A79684200C86444 /* Resources */,
			);
			buildRules = (
			);
			dependencies = (
				43B009941A79684200C86444 /* PBXTargetDependency */,
			);
			name = KVOExampleTests;
			productName = KVOExampleTests;
			productReference = 43B009921A79684200C86444 /* KVOExampleTests.xctest */;
			productType = "com.apple.product-type.bundle.unit-test";
		};
/* End PBXNativeTarget section */

/* Begin PBXProject section */
		43B009711A79684100C86444 /* Project object */ = {
			isa = PBXProject;
			attributes = {
				LastUpgradeCheck = 0610;
				ORGANIZATIONNAME = "Patrick O'Brien";
				TargetAttributes = {
					43B009781A79684200C86444 = {
						CreatedOnToolsVersion = 6.1.1;
					};
					43B009911A79684200C86444 = {
						CreatedOnToolsVersion = 6.1.1;
						TestTargetID = 43B009781A79684200C86444;
					};
				};
			};
			buildConfigurationList = 43B009741A79684200C86444 /* Build configuration list for PBXProject "KVOExample" */;
			compatibilityVersion = "Xcode 3.2";
			developmentRegion = English;
			hasScannedForEncodings = 0;
			knownRegions = (
				en,
				Base,
			);
			mainGroup = 43B009701A79684100C86444;
			productRefGroup = 43B0097A1A79684200C86444 /* Products */;
			projectDirPath = "";
			projectRoot = "";
			targets = (
				43B009781A79684200C86444 /* KVOExample */,
				43B009911A79684200C86444 /* KVOExampleTests */,
			);
		};
/* End PBXProject section */

/* Begin PBXResourcesBuildPhase section */
		43B009771A79684200C86444 /* Resources */ = {
			isa = PBXResourcesBuildPhase;
			buildActionMask = 2147483647;
			files = (
				43B009881A79684200C86444 /* Main.storyboard in Resources */,
				43B0098D1A79684200C86444 /* LaunchScreen.xib in Resources */,
				43B0098A1A79684200C86444 /* Images.xcassets in Resources */,
			);
			runOnlyForDeploymentPostprocessing = 0;
		};
		43B009901A79684200C86444 /* Resources */ = {
			isa = PBXResourcesBuildPhase;
			buildActionMask = 2147483647;
			files = (
			);
			runOnlyForDeploymentPostprocessing = 0;
		};
/* End PBXResourcesBuildPhase section */

/* Begin PBXSourcesBuildPhase section */
		43B009751A79684200C86444 /* Sources */ = {
			isa = PBXSourcesBuildPhase;
			buildActionMask = 2147483647;
			files = (
				43B009851A79684200C86444 /* ViewController.m in Sources */,
				43B009821A79684200C86444 /* AppDelegate.m in Sources */,
				43B0097F1A79684200C86444 /* main.m in Sources */,
			);
			runOnlyForDeploymentPostprocessing = 0;
		};
		43B0098E1A79684200C86444 /* Sources */ = {
			isa = PBXSourcesBuildPhase;
			buildActionMask = 2147483647;
			files = (
				43B009991A79684200C86444 /* KVOExampleTests.m in Sources */,
			);
			runOnlyForDeploymentPostprocessing = 0;
		};
/* End PBXSourcesBuildPhase section */

/* Begin PBXTargetDependency section */
		43B009941A79684200C86444 /* PBXTargetDependency */ = {
			isa = PBXTargetDependency;
			target = 43B009781A79684200C86444 /* KVOExample */;
			targetProxy = 43B009931A79684200C86444 /* PBXContainerItemProxy */;
		};
/* End PBXTargetDependency section */

/* Begin PBXVariantGroup section */
		43B009861A79684200C86444 /* Main.storyboard */ = {
			isa = PBXVariantGroup;
			children = (
				43B009871A79684200C86444 /* Base */,
			);
			name = Main.storyboard;
			sourceTree = "<group>";
		};
		43B0098B1A79684200C86444 /* LaunchScreen.xib */ = {
			isa = PBXVariantGroup;
			children = (
				43B0098C1A79684200C86444 /* Base */,
			);
			name = LaunchScreen.xib;
			sourceTree = "<group>";
		};
/* End PBXVariantGroup section */

/* Begin XCBuildConfiguration section */
		43B0099A1A79684200C86444 /* Debug */ = {
			isa = XCBuildConfiguration;
			buildSettings = {
				ALWAYS_SEARCH_USER_PATHS = NO;
				CLANG_CXX_LANGUAGE_STANDARD = "gnu++0x";
				CLANG_CXX_LIBRARY = "libc++";
				CLANG_ENABLE_MODULES = YES;
				CLANG_ENABLE_OBJC_ARC = YES;
				CLANG_WARN_BOOL_CONVERSION = YES;
				CLANG_WARN_CONSTANT_CONVERSION = YES;
				CLANG_WARN_DIRECT_OBJC_ISA_USAGE = YES_ERROR;
				CLANG_WARN_EMPTY_BODY = YES;
				CLANG_WARN_ENUM_CONVERSION = YES;
				CLANG_WARN_INT_CONVERSION = YES;
				CLANG_WARN_OBJC_ROOT_CLASS = YES_ERROR;
				CLANG_WARN_UNREACHABLE_CODE = YES;
				CLANG_WARN__DUPLICATE_METHOD_MATCH = YES;
				"CODE_SIGN_IDENTITY[sdk=iphoneos*]" = "iPhone Developer";
				COPY_PHASE_STRIP = NO;
				ENABLE_STRICT_OBJC_MSGSEND = YES;
				GCC_C_LANGUAGE_STANDARD = gnu99;
				GCC_DYNAMIC_NO_PIC = NO;
				GCC_OPTIMIZATION_LEVEL = 0;
				GCC_PREPROCESSOR_DEFINITIONS = (
					"DEBUG=1",
					"$(inherited)",
				);
				GCC_SYMBOLS_PRIVATE_EXTERN = NO;
				GCC_WARN_64_TO_32_BIT_CONVERSION = YES;
				GCC_WARN_ABOUT_RETURN_TYPE = YES_ERROR;
				GCC_WARN_UNDECLARED_SELECTOR = YES;
				GCC_WARN_UNINITIALIZED_AUTOS = YES_AGGRESSIVE;
				GCC_WARN_UNUSED_FUNCTION = YES;
				GCC_WARN_UNUSED_VARIABLE = YES;
				IPHONEOS_DEPLOYMENT_TARGET = 8.1;
				MTL_ENABLE_DEBUG_INFO = YES;
				ONLY_ACTIVE_ARCH = YES;
				SDKROOT = iphoneos;
			};
			name = Debug;
		};
		43B0099B1A79684200C86444 /* Release */ = {
			isa = XCBuildConfiguration;
			buildSettings = {
				ALWAYS_SEARCH_USER_PATHS = NO;
				CLANG_CXX_LANGUAGE_STANDARD = "gnu++0x";
				CLANG_CXX_LIBRARY = "libc++";
				CLANG_ENABLE_MODULES = YES;
				CLANG_ENABLE_OBJC_ARC = YES;
				CLANG_WARN_BOOL_CONVERSION = YES;
				CLANG_WARN_CONSTANT_CONVERSION = YES;
				CLANG_WARN_DIRECT_OBJC_ISA_USAGE = YES_ERROR;
				CLANG_WARN_EMPTY_BODY = YES;
				CLANG_WARN_ENUM_CONVERSION = YES;
				CLANG_WARN_INT_CONVERSION = YES;
				CLANG_WARN_OBJC_ROOT_CLASS = YES_ERROR;
				CLANG_WARN_UNREACHABLE_CODE = YES;
				CLANG_WARN__DUPLICATE_METHOD_MATCH = YES;
				"CODE_SIGN_IDENTITY[sdk=iphoneos*]" = "iPhone Developer";
				COPY_PHASE_STRIP = YES;
				ENABLE_NS_ASSERTIONS = NO;
				ENABLE_STRICT_OBJC_MSGSEND = YES;
				GCC_C_LANGUAGE_STANDARD = gnu99;
				GCC_WARN_64_TO_32_BIT_CONVERSION = YES;
				GCC_WARN_ABOUT_RETURN_TYPE = YES_ERROR;
				GCC_WARN_UNDECLARED_SELECTOR = YES;
				GCC_WARN_UNINITIALIZED_AUTOS = YES_AGGRESSIVE;
				GCC_WARN_UNUSED_FUNCTION = YES;
				GCC_WARN_UNUSED_VARIABLE = YES;
				IPHONEOS_DEPLOYMENT_TARGET = 8.1;
				MTL_ENABLE_DEBUG_INFO = NO;
				SDKROOT = iphoneos;
				VALIDATE_PRODUCT = YES;
			};
			name = Release;
		};
		43B0099D1A79684200C86444 /* Debug */ = {
			isa = XCBuildConfiguration;
			buildSettings = {
				ASSETCATALOG_COMPILER_APPICON_NAME = AppIcon;
				INFOPLIST_FILE = KVOExample/Info.plist;
				LD_RUNPATH_SEARCH_PATHS = "$(inherited) @executable_path/Frameworks";
				PRODUCT_NAME = "$(TARGET_NAME)";
			};
			name = Debug;
		};
		43B0099E1A79684200C86444 /* Release */ = {
			isa = XCBuildConfiguration;
			buildSettings = {
				ASSETCATALOG_COMPILER_APPICON_NAME = AppIcon;
				INFOPLIST_FILE = KVOExample/Info.plist;
				LD_RUNPATH_SEARCH_PATHS = "$(inherited) @executable_path/Frameworks";
				PRODUCT_NAME = "$(TARGET_NAME)";
			};
			name = Release;
		};
		43B009A01A79684200C86444 /* Debug */ = {
			isa = XCBuildConfiguration;
			buildSettings = {
				BUNDLE_LOADER = "$(TEST_HOST)";
				FRAMEWORK_SEARCH_PATHS = (
					"$(SDKROOT)/Developer/Library/Frameworks",
					"$(inherited)",
				);
				GCC_PREPROCESSOR_DEFINITIONS = (
					"DEBUG=1",
					"$(inherited)",
				);
				INFOPLIST_FILE = KVOExampleTests/Info.plist;
				LD_RUNPATH_SEARCH_PATHS = "$(inherited) @executable_path/Frameworks @loader_path/Frameworks";
				PRODUCT_NAME = "$(TARGET_NAME)";
				TEST_HOST = "$(BUILT_PRODUCTS_DIR)/KVOExample.app/KVOExample";
			};
			name = Debug;
		};
		43B009A11A79684200C86444 /* Release */ = {
			isa = XCBuildConfiguration;
			buildSettings = {
				BUNDLE_LOADER = "$(TEST_HOST)";
				FRAMEWORK_SEARCH_PATHS = (
					"$(SDKROOT)/Developer/Library/Frameworks",
					"$(inherited)",
				);
				INFOPLIST_FILE = KVOExampleTests/Info.plist;
				LD_RUNPATH_SEARCH_PATHS = "$(inherited) @executable_path/Frameworks @loader_path/Frameworks";
				PRODUCT_NAME = "$(TARGET_NAME)";
				TEST_HOST = "$(BUILT_PRODUCTS_DIR)/KVOExample.app/KVOExample";
			};
			name = Release;
		};
/* End XCBuildConfiguration section */

/* Begin XCConfigurationList section */
		43B009741A79684200C86444 /* Build configuration list for PBXProject "KVOExample" */ = {
			isa = XCConfigurationList;
			buildConfigurations = (
				43B0099A1A79684200C86444 /* Debug */,
				43B0099B1A79684200C86444 /* Release */,
			);
			defaultConfigurationIsVisible = 0;
			defaultConfigurationName = Release;
		};
		43B0099C1A79684200C86444 /* Build configuration list for PBXNativeTarget "KVOExample" */ = {
			isa = XCConfigurationList;
			buildConfigurations = (
				43B0099D1A79684200C86444 /* Debug */,
				43B0099E1A79684200C86444 /* Release */,
			);
			defaultConfigurationIsVisible = 0;
		};
		43B0099F1A79684200C86444 /* Build configuration list for PBXNativeTarget "KVOExampleTests" */ = {
			isa = XCConfigurationList;
			buildConfigurations = (
				43B009A01A79684200C86444 /* Debug */,
				43B009A11A79684200C86444 /* Release */,
			);
			defaultConfigurationIsVisible = 0;
		};
/* End XCConfigurationList section */
	};
	rootObject = 43B009711A79684100C86444 /* Project object */;
}
